
Microsoft Visual Studio Solution File, Format Version 12.00
# Visual Studio Version 16
VisualStudioVersion = 16.0.30420.98
MinimumVisualStudioVersion = 10.0.40219.1
Project("{FAE04EC0-301F-11D3-BF4B-00C04F79EFBC}") = "GQueryBuilder", "GQueryBuilder\GQueryBuilder.csproj", "{255CCF93-D939-48A7-AB8C-6FAB76AF77D3}"
EndProject
Global
	GlobalSection(SolutionConfigurationPlatforms) = preSolution
		Debug|Any CPU = Debug|Any CPU
		Release|Any CPU = Release|Any CPU
	EndGlobalSection
	GlobalSection(ProjectConfigurationPlatforms) = postSolution
		{255CCF93-D939-48A7-AB8C-6FAB76AF77D3}.Debug|Any CPU.ActiveCfg = Debug|Any CPU
		{255CCF93-D939-48A7-AB8C-6FAB76AF77D3}.Debug|Any CPU.Build.0 = Debug|Any CPU
		{255CCF93-D939-48A7-AB8C-6FAB76AF77D3}.Release|Any CPU.ActiveCfg = Release|Any CPU
		{255CCF93-D939-48A7-AB8C-6FAB76AF77D3}.Release|Any CPU.Build.0 = Release|Any CPU
	EndGlobalSection
	GlobalSection(SolutionProperties) = preSolution
		HideSolutionNode = FALSE
	EndGlobalSection
	GlobalSection(ExtensibilityGlobals) = postSolution
		SolutionGuid = {ADE85567-05EC-49C2-A3EF-A74EAAC9B36E}
	EndGlobalSection
EndGlobal
